<Solution>
  <Folder Name="/Backend/">
    <Project Path="Backend.Api/Backend.Api.csproj" />
    <Project Path="Backend.Data/Backend.Data.csproj" />
    <Project Path="Backend.Dependencias/Backend.Dependencies.csproj" />
    <Project Path="Backend.Service/Backend.Service.csproj" />
  </Folder>
</Solution>

